{
    "_meta": {
        "hash": {
            "sha256": "ae05f8bcfad59700d23d32092e2bddab19b50a6029281f86f2ad6eae182cdb06"
        },
        "pipfile-spec": 6,
        "requires": {
            "python_version": "3.8"
        },
        "sources": [
            {
                "name": "pypi",
                "url": "https://pypi.org/simple",
                "verify_ssl": true
            }
        ]
    },
    "default": {
        "autopep8": {
            "hashes": [
                "sha256:152fd8fe47d02082be86e05001ec23d6f420086db56b17fc883f3f965fb34954"
            ],
            "index": "pypi",
            "version": "==1.5.2"
        },
        "certifi": {
            "hashes": [
                "sha256:35824b4c3a97115964b408844d64aa14db1cc518f6562e8d7261699d1350a9e3",
                "sha256:4ad3232f5e926d6718ec31cfc1fcadfde020920e278684144551c91769c7bc18"
            ],
            "index": "pypi",
            "version": "==2022.12.7"
        },
        "chardet": {
            "hashes": [
                "sha256:84ab92ed1c4d4f16916e05906b6b75a6c0fb5db821cc65e70cbd64a3e2a5eaae",
                "sha256:fc323ffcaeaed0e0a02bf4d117757b98aed530d9ed4531e3e15460124c106691"
            ],
            "version": "==3.0.4"
        },
        "idna": {
            "hashes": [
                "sha256:b307872f855b18632ce0c21c5e45be78c0ea7ae4c15c828c20788b26921eb3f6",
                "sha256:b97d804b1e9b523befed77c48dacec60e6dcb0b5391d57af6a65a312a90648c0"
            ],
            "markers": "python_version >= '2.7' and python_version not in '3.0, 3.1, 3.2, 3.3'",
            "version": "==2.10"
        },
        "mysql-connector-python": {
            "hashes": [
                "sha256:0f4cf26d89a7d99ec215e01e47bac40935dc80c573005395dbc18890856f87a5",
                "sha256:0f847818de953ebf53028fedfcb5622e11d226f01b1c5a93010063f78ab95b34",
                "sha256:1b6f1dbe964990604782e55c5570a8a968ba1da7371ad75ed4ddd8be0129c0cf",
                "sha256:1ed1f29e8db935c30b33b9d137660f70a71d8757a99e16e3f51a40867f6c5ec0",
                "sha256:2c126e929aa6b725d921a5c02e8b6ce999a8f3113494ca9fc94b3f1cbbdf3095",
                "sha256:37e1da0f78f1df38a33ccfe8431edd59cfdcbf249f56820028898cf5acbba0a5",
                "sha256:3b6b271de5664a2ac155954f38c09b6362f321f00734ff1f421e7ab721c7f98b",
                "sha256:4de6f599ec48e7807cc73812f43f2be22a2d7859310c6d99cf51ed436d41b4e5",
                "sha256:541394d10909aa379d396953bc4a3071aed754157d42de4ffd8ada91f15a4f1b",
                "sha256:584098ce99bc81ca71fcc5664228a1aea901e26b473f39c6b4d9945abb641421",
                "sha256:7bdb4e94462e91d10c7bf809c122db1459917d80202fe5cb88c6c04481b1a303",
                "sha256:7d7fb72758e5e11db4b946b342330c136034d1cf6759be9b182e17d619897de2",
                "sha256:829ff16c18900ca25af0007de027c796161ed8711ae22cc50a785e8e1e2f756a",
                "sha256:86b7fac171a4433a9c263ab74d59ca4cf0c2941765f2f9a0cd1925295f04838f",
                "sha256:88ecd6318e71d0a250efa016e80cfdcb987e7ce21793569b1751c20d3d022bb0",
                "sha256:9ba98169e360a4e8739803d7ebce5de693dc4cd5634a62eafb3b2bc3c7f0d7c4",
                "sha256:a22183b55a3e5725a350b76f9ef6898573c808cb63a465b4bd78f860dfb6ed8d",
                "sha256:bd1f1a57e9c89d6bf49b408c6fe151aad8c318237f2983dfc5b9a8202c6d20de",
                "sha256:c20dd01dee6212deb56d3df985fe9927a571000327251177d69f05a40c11ac19",
                "sha256:cbe901254597db9937b8dee4fe56c148fcfb792389f753fa35fff3696d04e5fa",
                "sha256:eec4c549d96d9678fe9df663226fc175562dcd7187af892bfe4711c9a0d99228",
                "sha256:f23c8ddc1550def024ea708d2aa7c999f301cd45ff17ca7bf9a762b48f0d4513",
                "sha256:ffe0bdd9b22a987028ca4e70df770edef987d54899ac5029c364d9c3c04e9e9d"
            ],
            "index": "pypi",
            "version": "==8.0.20"
        },
        "protobuf": {
            "hashes": [
                "sha256:25266bf373ee06d5d66f9eb1ec9d434b243dccce5c32faf151054cfa6f9dcbf1",
                "sha256:260e346927fd4e6fbb49ab545137b19610c24a1d853dc5f29ddf777ab1987211",
                "sha256:2c6a4d13732d9b094db31b3841986c38b17ac61a3fe05ee26a779d94c4c3fb43",
                "sha256:4922e3320ed70e81f05060822da36923d09fd9e04e17f411f2d8d8d0070f9f5c",
                "sha256:4b75c947289a2e9c1f37d21c593f1ef6fb4fed33977dfb2ac84f799eb29a8ff4",
                "sha256:4d01ef83517c181d60ea1c6d0b2f644be250ade740d6554a2f5a021b1ad622e3",
                "sha256:553e35c0878f6855e55f01a14561e6bce6df79b6636a5acf83b9d9ac7eab7922",
                "sha256:85ccb4753ee21de7dc81a7a68a051f25dbe133ffa01a639ac998427d0b223387",
                "sha256:a5a14b907a191319e7a58b38c583bbf50deb21e002f723a912c5e4f6969a778e",
                "sha256:a944dc9550baae276afc7dc8193191d4c2ad660270a1e5ed5a71539817ebe2e2",
                "sha256:bab4b21a986ded225b9392c07ce21c35d790951f51e1ebfd32e4d443b05c3726",
                "sha256:c3b9e329b4c247dc3ba5c50f60915a84e08278eb6d9e3fa674d0d04ff816bfd7",
                "sha256:d91a47c77b33580024b0271b65bb820c4e0264c25eb49151ad01e691de8fa0b6",
                "sha256:efb16b16fd3eef25357f84d516062753014b76279ce4e0ec4880badd2fba7370"
            ],
            "markers": "python_version >= '3.7'",
            "version": "==4.21.11"
        },
        "pycodestyle": {
            "hashes": [
                "sha256:347187bdb476329d98f695c213d7295a846d1152ff4fe9bacb8a9590b8ee7053",
                "sha256:8a4eaf0d0495c7395bdab3589ac2db602797d76207242c17d470186815706610"
            ],
            "markers": "python_version >= '3.6'",
            "version": "==2.10.0"
        },
        "requests": {
            "hashes": [
                "sha256:43999036bfa82904b6af1d99e4882b560e5e2c68e5c4b0aa03b655f3d7d73fee",
                "sha256:5d2d0ffbb515f39417009a46c14256291061ac01ba8f875b90cad137de83beb4",
                "sha256:b3f43d496c6daba4493e7c431722aeb7dbc6288f52a6e04e7b6023b0247817e6"
            ],
            "index": "pypi",
            "version": "==2.23.0"
        },
        "urllib3": {
            "hashes": [
                "sha256:8d7eaa5a82a1cac232164990f04874c594c9453ec55eef02eab885aa02fc17a2",
                "sha256:f5321fbe4bf3fefa0efd0bfe7fb14e90909eb62a48ccda331726b4319897dd5e"
            ],
            "markers": "python_version >= '2.7' and python_version not in '3.0, 3.1, 3.2, 3.3, 3.4' and python_version < '4'",
            "version": "==1.25.11"
        }
    },
    "develop": {}
}
